<Solution>
  <Project Path="Nmt.Exercises.Console_01/Nmt.Exercises.Console_01.csproj" />
  <Project Path="Nmt.Exercises.Console_02/Nmt.Exercises.Console_02.csproj" />
  <Project Path="Nmt.Exercises.Delegate/Nmt.Exercises.Delegate.csproj" Id="917b3abb-e738-4b57-b395-1df19e5f4f23" />
  <Project Path="Nmt.Exercises.Delegate_02/Nmt.Exercises.Delegate_02.csproj" Id="eb8103a0-f6c3-421a-a2a1-5ae31768aadc" />
  <Project Path="Nmt.Exercises.Delegate_03/Nmt.Exercises.Delegate_03.csproj" Id="e2d55a89-b5c0-4b2f-97a4-dc533c6f3199" />
  <Project Path="Nmt.Exercises.Delegate_04/Nmt.Exercises.Delegate_04.csproj" Id="49d09cdd-03de-4aed-a22c-88ad35ca202b" />
</Solution>
