<Solution>
  <Project Path="Nmt.Exercises.Console_01/Nmt.Exercises.Console_01.csproj" />
  <Project Path="Nmt.Exercises.Console_02/Nmt.Exercises.Console_02.csproj" />
  <Project Path="Nmt.Exercises.Delegate/Nmt.Exercises.Delegate.csproj" Id="917b3abb-e738-4b57-b395-1df19e5f4f23" />
  <Project Path="Nmt.Exercises.Delegate_02/Nmt.Exercises.Delegate_02.csproj" Id="eb8103a0-f6c3-421a-a2a1-5ae31768aadc" />
  <Project Path="Nmt.Exercises.Delegate_03/Nmt.Exercises.Delegate_03.csproj" Id="e2d55a89-b5c0-4b2f-97a4-dc533c6f3199" />
  <Project Path="Nmt.Exercises.Delegate_04/Nmt.Exercises.Delegate_04.csproj" Id="49d09cdd-03de-4aed-a22c-88ad35ca202b" />
  <Project Path="Nmt.Exercises.DesignPattern_01/Nmt.Exercises.DesignPattern_01.csproj" />
  <Project Path="Nmt.Exercises.DesignPattern_02/Nmt.Exercises.DesignPattern_02.csproj" />
  <Project Path="Nmt.Exercises.DesignPattern_03/Nmt.Exercises.DesignPattern_03.csproj" />
  <Project Path="Nmt.Exercises.Generic_01/Nmt.Exercises.Generic_01.csproj" Id="e6ba799f-a0d7-4cdf-bbcf-98b92f42f54f" />
  <Project Path="Nmt.Exercises.Generic_02/Nmt.Exercises.Generic_02.csproj" Id="cc98a829-a289-4b44-844d-877c73db2fc4" />
  <Project Path="Nmt.Exercises.Generic_03/Nmt.Exercises.Generic_03.csproj" Id="3b0eb4ed-09b2-4b52-9017-9e0fcb30abae" />
  <Project Path="Nmt.Exercises.LINQ_01/Nmt.Exercises.LINQ_01.csproj" Id="d7a45418-0440-47c6-bb45-40b52ae7aaa6" />
  <Project Path="Nmt.Exercises.LINQ_02/Nmt.Exercises.LINQ_02.csproj" Id="eb8fa23f-8679-44d2-ab3e-8f05872a84dd" />
</Solution>
